Microsoft Visual Studio Solution File, Format Version 11.00
# Visual Studio 2008

Project("{FEC39F9D-291D-2816-3F8C-494E8C394FCB}") = "MondayGTW", "Assembly-CSharp.csproj", "{048EFB0F-C31B-7DCD-273A-6E0628F3B3DE}"
EndProject
Global
	GlobalSection(SolutionConfigurationPlatforms) = preSolution
		Debug|Any CPU = Debug|Any CPU
		Release|Any CPU = Release|Any CPU
	EndGlobalSection
	GlobalSection(ProjectConfigurationPlatforms) = postSolution
		{048EFB0F-C31B-7DCD-273A-6E0628F3B3DE}.Debug|Any CPU.ActiveCfg = Debug|Any CPU
		{048EFB0F-C31B-7DCD-273A-6E0628F3B3DE}.Debug|Any CPU.Build.0 = Debug|Any CPU
		{048EFB0F-C31B-7DCD-273A-6E0628F3B3DE}.Release|Any CPU.ActiveCfg = Release|Any CPU
		{048EFB0F-C31B-7DCD-273A-6E0628F3B3DE}.Release|Any CPU.Build.0 = Release|Any CPU
	EndGlobalSection
	GlobalSection(SolutionProperties) = preSolution
		HideSolutionNode = FALSE
	EndGlobalSection
	GlobalSection(MonoDevelopProperties) = preSolution
		StartupItem = Assembly-CSharp.csproj
	EndGlobalSection
EndGlobal
